
Microsoft Visual Studio Solution File, Format Version 10.00
# Visual C++ Express 2008
Project("{8BC9CEB8-8B4A-11D0-8D11-00A0C91BC942}") = "cfile_test_error", "cfile_test_error\cfile_test_error.vcproj", "{9C6F609D-3965-4D15-BCF3-C4D416BFB632}"
	ProjectSection(ProjectDependencies) = postProject
		{8E3DC2B3-5FC5-43C0-BBB6-BEF3C8C3DD51} = {8E3DC2B3-5FC5-43C0-BBB6-BEF3C8C3DD51}
		{20FFC4C9-F44C-45F6-A827-4819B4DF3C9F} = {20FFC4C9-F44C-45F6-A827-4819B4DF3C9F}
	EndProjectSection
EndProject
Project("{8BC9CEB8-8B4A-11D0-8D11-00A0C91BC942}") = "cfile_test_file", "cfile_test_file\cfile_test_file.vcproj", "{0FC5ADA5-82AD-4905-BF38-F44C130DC4D8}"
	ProjectSection(ProjectDependencies) = postProject
		{8E3DC2B3-5FC5-43C0-BBB6-BEF3C8C3DD51} = {8E3DC2B3-5FC5-43C0-BBB6-BEF3C8C3DD51}
		{BC27FF34-C859-4A1A-95D6-FC89952E1910} = {BC27FF34-C859-4A1A-95D6-FC89952E1910}
		{CEDF8919-00B2-4D8A-88CC-84ADB2D2FF89} = {CEDF8919-00B2-4D8A-88CC-84ADB2D2FF89}
		{BD3A95FA-A3DE-4B79-A889-A7E5ECA4B69C} = {BD3A95FA-A3DE-4B79-A889-A7E5ECA4B69C}
		{20FFC4C9-F44C-45F6-A827-4819B4DF3C9F} = {20FFC4C9-F44C-45F6-A827-4819B4DF3C9F}
	EndProjectSection
EndProject
Project("{8BC9CEB8-8B4A-11D0-8D11-00A0C91BC942}") = "cfile_test_notify", "cfile_test_notify\cfile_test_notify.vcproj", "{699CAEE4-A02E-493B-A2F4-8FF4962DB831}"
	ProjectSection(ProjectDependencies) = postProject
		{8E3DC2B3-5FC5-43C0-BBB6-BEF3C8C3DD51} = {8E3DC2B3-5FC5-43C0-BBB6-BEF3C8C3DD51}
		{BD3A95FA-A3DE-4B79-A889-A7E5ECA4B69C} = {BD3A95FA-A3DE-4B79-A889-A7E5ECA4B69C}
		{20FFC4C9-F44C-45F6-A827-4819B4DF3C9F} = {20FFC4C9-F44C-45F6-A827-4819B4DF3C9F}
	EndProjectSection
EndProject
Project("{8BC9CEB8-8B4A-11D0-8D11-00A0C91BC942}") = "cfile_test_read", "cfile_test_read\cfile_test_read.vcproj", "{131C07A7-C5C3-4F25-8C70-9F8605431CED}"
	ProjectSection(ProjectDependencies) = postProject
		{8E3DC2B3-5FC5-43C0-BBB6-BEF3C8C3DD51} = {8E3DC2B3-5FC5-43C0-BBB6-BEF3C8C3DD51}
		{BD3A95FA-A3DE-4B79-A889-A7E5ECA4B69C} = {BD3A95FA-A3DE-4B79-A889-A7E5ECA4B69C}
		{20FFC4C9-F44C-45F6-A827-4819B4DF3C9F} = {20FFC4C9-F44C-45F6-A827-4819B4DF3C9F}
	EndProjectSection
EndProject
Project("{8BC9CEB8-8B4A-11D0-8D11-00A0C91BC942}") = "cfile_test_seek", "cfile_test_seek\cfile_test_seek.vcproj", "{EE56FCD1-4155-4A99-A21D-879A8EE940A9}"
	ProjectSection(ProjectDependencies) = postProject
		{8E3DC2B3-5FC5-43C0-BBB6-BEF3C8C3DD51} = {8E3DC2B3-5FC5-43C0-BBB6-BEF3C8C3DD51}
		{BD3A95FA-A3DE-4B79-A889-A7E5ECA4B69C} = {BD3A95FA-A3DE-4B79-A889-A7E5ECA4B69C}
		{20FFC4C9-F44C-45F6-A827-4819B4DF3C9F} = {20FFC4C9-F44C-45F6-A827-4819B4DF3C9F}
	EndProjectSection
EndProject
Project("{8BC9CEB8-8B4A-11D0-8D11-00A0C91BC942}") = "cfile_test_support", "cfile_test_support\cfile_test_support.vcproj", "{E2135E85-39A3-428C-B673-07F3A0C4E50A}"
	ProjectSection(ProjectDependencies) = postProject
		{8E3DC2B3-5FC5-43C0-BBB6-BEF3C8C3DD51} = {8E3DC2B3-5FC5-43C0-BBB6-BEF3C8C3DD51}
		{20FFC4C9-F44C-45F6-A827-4819B4DF3C9F} = {20FFC4C9-F44C-45F6-A827-4819B4DF3C9F}
	EndProjectSection
EndProject
Project("{8BC9CEB8-8B4A-11D0-8D11-00A0C91BC942}") = "cfile_test_write", "cfile_test_write\cfile_test_write.vcproj", "{7CE74FCF-DD4E-426C-B684-89FB2E8EF35C}"
	ProjectSection(ProjectDependencies) = postProject
		{8E3DC2B3-5FC5-43C0-BBB6-BEF3C8C3DD51} = {8E3DC2B3-5FC5-43C0-BBB6-BEF3C8C3DD51}
		{BD3A95FA-A3DE-4B79-A889-A7E5ECA4B69C} = {BD3A95FA-A3DE-4B79-A889-A7E5ECA4B69C}
		{20FFC4C9-F44C-45F6-A827-4819B4DF3C9F} = {20FFC4C9-F44C-45F6-A827-4819B4DF3C9F}
	EndProjectSection
EndProject
Project("{8BC9CEB8-8B4A-11D0-8D11-00A0C91BC942}") = "libclocale", "libclocale\libclocale.vcproj", "{CEDF8919-00B2-4D8A-88CC-84ADB2D2FF89}"
	ProjectSection(ProjectDependencies) = postProject
		{20FFC4C9-F44C-45F6-A827-4819B4DF3C9F} = {20FFC4C9-F44C-45F6-A827-4819B4DF3C9F}
		{BD3A95FA-A3DE-4B79-A889-A7E5ECA4B69C} = {BD3A95FA-A3DE-4B79-A889-A7E5ECA4B69C}
	EndProjectSection
EndProject
Project("{8BC9CEB8-8B4A-11D0-8D11-00A0C91BC942}") = "libcfile", "libcfile\libcfile.vcproj", "{8E3DC2B3-5FC5-43C0-BBB6-BEF3C8C3DD51}"
	ProjectSection(ProjectDependencies) = postProject
		{20FFC4C9-F44C-45F6-A827-4819B4DF3C9F} = {20FFC4C9-F44C-45F6-A827-4819B4DF3C9F}
		{BD3A95FA-A3DE-4B79-A889-A7E5ECA4B69C} = {BD3A95FA-A3DE-4B79-A889-A7E5ECA4B69C}
		{CEDF8919-00B2-4D8A-88CC-84ADB2D2FF89} = {CEDF8919-00B2-4D8A-88CC-84ADB2D2FF89}
		{5304AD69-D449-4589-B2C9-E4607E56A51D} = {5304AD69-D449-4589-B2C9-E4607E56A51D}
		{BC27FF34-C859-4A1A-95D6-FC89952E1910} = {BC27FF34-C859-4A1A-95D6-FC89952E1910}
	EndProjectSection
EndProject
Project("{8BC9CEB8-8B4A-11D0-8D11-00A0C91BC942}") = "libcstring", "libcstring\libcstring.vcproj", "{20FFC4C9-F44C-45F6-A827-4819B4DF3C9F}"
EndProject
Project("{8BC9CEB8-8B4A-11D0-8D11-00A0C91BC942}") = "libuna", "libuna\libuna.vcproj", "{BC27FF34-C859-4A1A-95D6-FC89952E1910}"
	ProjectSection(ProjectDependencies) = postProject
		{20FFC4C9-F44C-45F6-A827-4819B4DF3C9F} = {20FFC4C9-F44C-45F6-A827-4819B4DF3C9F}
		{BD3A95FA-A3DE-4B79-A889-A7E5ECA4B69C} = {BD3A95FA-A3DE-4B79-A889-A7E5ECA4B69C}
	EndProjectSection
EndProject
Project("{8BC9CEB8-8B4A-11D0-8D11-00A0C91BC942}") = "libcerror", "libcerror\libcerror.vcproj", "{BD3A95FA-A3DE-4B79-A889-A7E5ECA4B69C}"
	ProjectSection(ProjectDependencies) = postProject
		{20FFC4C9-F44C-45F6-A827-4819B4DF3C9F} = {20FFC4C9-F44C-45F6-A827-4819B4DF3C9F}
	EndProjectSection
EndProject
Project("{8BC9CEB8-8B4A-11D0-8D11-00A0C91BC942}") = "libcnotify", "libcnotify\libcnotify.vcproj", "{5304AD69-D449-4589-B2C9-E4607E56A51D}"
	ProjectSection(ProjectDependencies) = postProject
		{20FFC4C9-F44C-45F6-A827-4819B4DF3C9F} = {20FFC4C9-F44C-45F6-A827-4819B4DF3C9F}
		{BD3A95FA-A3DE-4B79-A889-A7E5ECA4B69C} = {BD3A95FA-A3DE-4B79-A889-A7E5ECA4B69C}
	EndProjectSection
EndProject
Global
	GlobalSection(SolutionConfigurationPlatforms) = preSolution
		Release|Win32 = Release|Win32
		VSDebug|Win32 = VSDebug|Win32
	EndGlobalSection
	GlobalSection(ProjectConfigurationPlatforms) = postSolution
		{9C6F609D-3965-4D15-BCF3-C4D416BFB632}.Release|Win32.ActiveCfg = Release|Win32
		{9C6F609D-3965-4D15-BCF3-C4D416BFB632}.Release|Win32.Build.0 = Release|Win32
		{9C6F609D-3965-4D15-BCF3-C4D416BFB632}.VSDebug|Win32.ActiveCfg = VSDebug|Win32
		{9C6F609D-3965-4D15-BCF3-C4D416BFB632}.VSDebug|Win32.Build.0 = VSDebug|Win32
		{0FC5ADA5-82AD-4905-BF38-F44C130DC4D8}.Release|Win32.ActiveCfg = Release|Win32
		{0FC5ADA5-82AD-4905-BF38-F44C130DC4D8}.Release|Win32.Build.0 = Release|Win32
		{0FC5ADA5-82AD-4905-BF38-F44C130DC4D8}.VSDebug|Win32.ActiveCfg = VSDebug|Win32
		{0FC5ADA5-82AD-4905-BF38-F44C130DC4D8}.VSDebug|Win32.Build.0 = VSDebug|Win32
		{699CAEE4-A02E-493B-A2F4-8FF4962DB831}.Release|Win32.ActiveCfg = Release|Win32
		{699CAEE4-A02E-493B-A2F4-8FF4962DB831}.Release|Win32.Build.0 = Release|Win32
		{699CAEE4-A02E-493B-A2F4-8FF4962DB831}.VSDebug|Win32.ActiveCfg = VSDebug|Win32
		{699CAEE4-A02E-493B-A2F4-8FF4962DB831}.VSDebug|Win32.Build.0 = VSDebug|Win32
		{131C07A7-C5C3-4F25-8C70-9F8605431CED}.Release|Win32.ActiveCfg = Release|Win32
		{131C07A7-C5C3-4F25-8C70-9F8605431CED}.Release|Win32.Build.0 = Release|Win32
		{131C07A7-C5C3-4F25-8C70-9F8605431CED}.VSDebug|Win32.ActiveCfg = VSDebug|Win32
		{131C07A7-C5C3-4F25-8C70-9F8605431CED}.VSDebug|Win32.Build.0 = VSDebug|Win32
		{EE56FCD1-4155-4A99-A21D-879A8EE940A9}.Release|Win32.ActiveCfg = Release|Win32
		{EE56FCD1-4155-4A99-A21D-879A8EE940A9}.Release|Win32.Build.0 = Release|Win32
		{EE56FCD1-4155-4A99-A21D-879A8EE940A9}.VSDebug|Win32.ActiveCfg = VSDebug|Win32
		{EE56FCD1-4155-4A99-A21D-879A8EE940A9}.VSDebug|Win32.Build.0 = VSDebug|Win32
		{E2135E85-39A3-428C-B673-07F3A0C4E50A}.Release|Win32.ActiveCfg = Release|Win32
		{E2135E85-39A3-428C-B673-07F3A0C4E50A}.Release|Win32.Build.0 = Release|Win32
		{E2135E85-39A3-428C-B673-07F3A0C4E50A}.VSDebug|Win32.ActiveCfg = VSDebug|Win32
		{E2135E85-39A3-428C-B673-07F3A0C4E50A}.VSDebug|Win32.Build.0 = VSDebug|Win32
		{7CE74FCF-DD4E-426C-B684-89FB2E8EF35C}.Release|Win32.ActiveCfg = Release|Win32
		{7CE74FCF-DD4E-426C-B684-89FB2E8EF35C}.Release|Win32.Build.0 = Release|Win32
		{7CE74FCF-DD4E-426C-B684-89FB2E8EF35C}.VSDebug|Win32.ActiveCfg = VSDebug|Win32
		{7CE74FCF-DD4E-426C-B684-89FB2E8EF35C}.VSDebug|Win32.Build.0 = VSDebug|Win32
		{CEDF8919-00B2-4D8A-88CC-84ADB2D2FF89}.Release|Win32.ActiveCfg = Release|Win32
		{CEDF8919-00B2-4D8A-88CC-84ADB2D2FF89}.Release|Win32.Build.0 = Release|Win32
		{CEDF8919-00B2-4D8A-88CC-84ADB2D2FF89}.VSDebug|Win32.ActiveCfg = VSDebug|Win32
		{CEDF8919-00B2-4D8A-88CC-84ADB2D2FF89}.VSDebug|Win32.Build.0 = VSDebug|Win32
		{8E3DC2B3-5FC5-43C0-BBB6-BEF3C8C3DD51}.Release|Win32.ActiveCfg = Release|Win32
		{8E3DC2B3-5FC5-43C0-BBB6-BEF3C8C3DD51}.Release|Win32.Build.0 = Release|Win32
		{8E3DC2B3-5FC5-43C0-BBB6-BEF3C8C3DD51}.VSDebug|Win32.ActiveCfg = VSDebug|Win32
		{8E3DC2B3-5FC5-43C0-BBB6-BEF3C8C3DD51}.VSDebug|Win32.Build.0 = VSDebug|Win32
		{20FFC4C9-F44C-45F6-A827-4819B4DF3C9F}.Release|Win32.ActiveCfg = Release|Win32
		{20FFC4C9-F44C-45F6-A827-4819B4DF3C9F}.Release|Win32.Build.0 = Release|Win32
		{20FFC4C9-F44C-45F6-A827-4819B4DF3C9F}.VSDebug|Win32.ActiveCfg = VSDebug|Win32
		{20FFC4C9-F44C-45F6-A827-4819B4DF3C9F}.VSDebug|Win32.Build.0 = VSDebug|Win32
		{BC27FF34-C859-4A1A-95D6-FC89952E1910}.Release|Win32.ActiveCfg = Release|Win32
		{BC27FF34-C859-4A1A-95D6-FC89952E1910}.Release|Win32.Build.0 = Release|Win32
		{BC27FF34-C859-4A1A-95D6-FC89952E1910}.VSDebug|Win32.ActiveCfg = VSDebug|Win32
		{BC27FF34-C859-4A1A-95D6-FC89952E1910}.VSDebug|Win32.Build.0 = VSDebug|Win32
		{BD3A95FA-A3DE-4B79-A889-A7E5ECA4B69C}.Release|Win32.ActiveCfg = Release|Win32
		{BD3A95FA-A3DE-4B79-A889-A7E5ECA4B69C}.Release|Win32.Build.0 = Release|Win32
		{BD3A95FA-A3DE-4B79-A889-A7E5ECA4B69C}.VSDebug|Win32.ActiveCfg = VSDebug|Win32
		{BD3A95FA-A3DE-4B79-A889-A7E5ECA4B69C}.VSDebug|Win32.Build.0 = VSDebug|Win32
		{5304AD69-D449-4589-B2C9-E4607E56A51D}.Release|Win32.ActiveCfg = Release|Win32
		{5304AD69-D449-4589-B2C9-E4607E56A51D}.Release|Win32.Build.0 = Release|Win32
		{5304AD69-D449-4589-B2C9-E4607E56A51D}.VSDebug|Win32.ActiveCfg = VSDebug|Win32
		{5304AD69-D449-4589-B2C9-E4607E56A51D}.VSDebug|Win32.Build.0 = VSDebug|Win32
	EndGlobalSection
	GlobalSection(SolutionProperties) = preSolution
		HideSolutionNode = FALSE
	EndGlobalSection
EndGlobal
